
Microsoft Visual Studio Solution File, Format Version 12.00
# Visual Studio Version 17
VisualStudioVersion = 17.2.32630.192
MinimumVisualStudioVersion = 10.0.40219.1
Project("{FAE04EC0-301F-11D3-BF4B-00C04F79EFBC}") = "BasicMVC", "BasicMVC\BasicMVC.csproj", "{6C868B18-EE54-41BF-9311-2A85B6BA3518}"
EndProject
Global
	GlobalSection(SolutionConfigurationPlatforms) = preSolution
		Debug|Any CPU = Debug|Any CPU
		Release|Any CPU = Release|Any CPU
	EndGlobalSection
	GlobalSection(ProjectConfigurationPlatforms) = postSolution
		{6C868B18-EE54-41BF-9311-2A85B6BA3518}.Debug|Any CPU.ActiveCfg = Debug|Any CPU
		{6C868B18-EE54-41BF-9311-2A85B6BA3518}.Debug|Any CPU.Build.0 = Debug|Any CPU
		{6C868B18-EE54-41BF-9311-2A85B6BA3518}.Release|Any CPU.ActiveCfg = Release|Any CPU
		{6C868B18-EE54-41BF-9311-2A85B6BA3518}.Release|Any CPU.Build.0 = Release|Any CPU
	EndGlobalSection
	GlobalSection(SolutionProperties) = preSolution
		HideSolutionNode = FALSE
	EndGlobalSection
	GlobalSection(ExtensibilityGlobals) = postSolution
		SolutionGuid = {CF9945F1-153F-4458-821D-E7BCECA5764A}
	EndGlobalSection
EndGlobal
